
Microsoft Visual Studio Solution File, Format Version 12.00
# Visual Studio Version 16
VisualStudioVersion = 16.0.30413.136
MinimumVisualStudioVersion = 10.0.40219.1
Project("{FAE04EC0-301F-11D3-BF4B-00C04F79EFBC}") = "IPL-StaffHelperBot", "IPL-StaffHelperBot\IPL-StaffHelperBot.csproj", "{3620E432-94C1-4804-8613-59E36E10E440}"
EndProject
Global
	GlobalSection(SolutionConfigurationPlatforms) = preSolution
		Debug|Any CPU = Debug|Any CPU
		Release|Any CPU = Release|Any CPU
	EndGlobalSection
	GlobalSection(ProjectConfigurationPlatforms) = postSolution
		{3620E432-94C1-4804-8613-59E36E10E440}.Debug|Any CPU.ActiveCfg = Debug|Any CPU
		{3620E432-94C1-4804-8613-59E36E10E440}.Debug|Any CPU.Build.0 = Debug|Any CPU
		{3620E432-94C1-4804-8613-59E36E10E440}.Release|Any CPU.ActiveCfg = Release|Any CPU
		{3620E432-94C1-4804-8613-59E36E10E440}.Release|Any CPU.Build.0 = Release|Any CPU
	EndGlobalSection
	GlobalSection(SolutionProperties) = preSolution
		HideSolutionNode = FALSE
	EndGlobalSection
	GlobalSection(ExtensibilityGlobals) = postSolution
		SolutionGuid = {EE342A8E-5A90-401D-BB59-862FDE38B5B9}
	EndGlobalSection
EndGlobal
